{
  "name": "erikasanchez-resume",
  "version": "1.0.2",
  "lockfileVersion": 2,
  "requires": true,
  "packages": {
    "": {
      "name": "erikasanchez-resume",
      "version": "1.0.2",
      "license": "ISC",
      "dependencies": {
        "erikasanchez-resume": "^1.0.2"
      },
      "bin": {
        "showRecipient": "index.js"
      }
    },
    "node_modules/erikasanchez-resume": {
      "version": "1.0.2",
      "resolved": "https://registry.npmjs.org/erikasanchez-resume/-/erikasanchez-resume-1.0.2.tgz",
      "integrity": "sha512-kW4zShyQ3X5itc5smGpNTGfDa1AcQHVfmOqtVr+2k0bJfe9q/DL8IsSR9FP6ZGYQgt4xaSJU3uqaI8wDJjohgw==",
      "bin": {
        "showRecipient": "index.js"
      }
    }
  },
  "dependencies": {
    "erikasanchez-resume": {
      "version": "1.0.2",
      "resolved": "https://registry.npmjs.org/erikasanchez-resume/-/erikasanchez-resume-1.0.2.tgz",
      "integrity": "sha512-kW4zShyQ3X5itc5smGpNTGfDa1AcQHVfmOqtVr+2k0bJfe9q/DL8IsSR9FP6ZGYQgt4xaSJU3uqaI8wDJjohgw=="
    }
  }
}
